Microsoft Visual Studio Solution File, Format Version 12.00
# Visual Studio Version 17
VisualStudioVersion = 17.5.2.0
MinimumVisualStudioVersion = 10.0.40219.1
Project("{FAE04EC0-301F-11D3-BF4B-00C04F79EFBC}") = "WinFormsManual", "WinFormsManual.csproj", "{FC471F0F-D46D-9463-BECB-28D5F2A30611}"
EndProject
Global
	GlobalSection(SolutionConfigurationPlatforms) = preSolution
		Debug|Any CPU = Debug|Any CPU
		Release|Any CPU = Release|Any CPU
	EndGlobalSection
	GlobalSection(ProjectConfigurationPlatforms) = postSolution
		{FC471F0F-D46D-9463-BECB-28D5F2A30611}.Debug|Any CPU.ActiveCfg = Debug|Any CPU
		{FC471F0F-D46D-9463-BECB-28D5F2A30611}.Debug|Any CPU.Build.0 = Debug|Any CPU
		{FC471F0F-D46D-9463-BECB-28D5F2A30611}.Release|Any CPU.ActiveCfg = Release|Any CPU
		{FC471F0F-D46D-9463-BECB-28D5F2A30611}.Release|Any CPU.Build.0 = Release|Any CPU
	EndGlobalSection
	GlobalSection(SolutionProperties) = preSolution
		HideSolutionNode = FALSE
	EndGlobalSection
	GlobalSection(ExtensibilityGlobals) = postSolution
		SolutionGuid = {24EAAC64-4AB0-4805-A293-8B39349C8FE5}
	EndGlobalSection
EndGlobal
